// !$*UTF8*$!
{
	archiveVersion = 1;
	classes = {
	};
	objectVersion = 50;
	objects = {

/* Begin PBXFileReference section */
		382196CC2572A9ED00AA1B03 /* test_swim.cpp */ = {isa = PBXFileReference; lastKnownFileType = sourcecode.cpp.cpp; path = test_swim.cpp; sourceTree = "<group>"; };
		38363E0A256E2EB900542DEF /* README.md */ = {isa = PBXFileReference; lastKnownFileType = net.daringfireball.markdown; path = README.md; sourceTree = "<group>"; };
		38363E0B256E2FDA00542DEF /* CMakeLists.txt */ = {isa = PBXFileReference; lastKnownFileType = text; path = CMakeLists.txt; sourceTree = "<group>"; };
		38363E0C256E317800542DEF /* compiler_helper.cmake */ = {isa = PBXFileReference; lastKnownFileType = text; path = compiler_helper.cmake; sourceTree = "<group>"; };
		38363E0D256E31EF00542DEF /* target_helper.cmake */ = {isa = PBXFileReference; lastKnownFileType = text; path = target_helper.cmake; sourceTree = "<group>"; };
		38363E0F256E32C300542DEF /* FindNetCDF.cmake */ = {isa = PBXFileReference; lastKnownFileType = text; path = FindNetCDF.cmake; sourceTree = "<group>"; };
		38363E10256E32C300542DEF /* FindPackageHandleStandardArgs.cmake */ = {isa = PBXFileReference; lastKnownFileType = text; path = FindPackageHandleStandardArgs.cmake; sourceTree = "<group>"; };
		38363E11256E32C300542DEF /* LibFindMacros.cmake */ = {isa = PBXFileReference; lastKnownFileType = text; path = LibFindMacros.cmake; sourceTree = "<group>"; };
		38363E14256E34EE00542DEF /* CMakeLists.txt */ = {isa = PBXFileReference; lastKnownFileType = text; path = CMakeLists.txt; sourceTree = "<group>"; };
		38363E15256E354200542DEF /* Arglist.h */ = {isa = PBXFileReference; lastKnownFileType = sourcecode.c.h; path = Arglist.h; sourceTree = "<group>"; };
		38363E17256E36DE00542DEF /* RunsIO.h */ = {isa = PBXFileReference; lastKnownFileType = sourcecode.c.h; path = RunsIO.h; sourceTree = "<group>"; };
		38363E18256E376000542DEF /* Utilities.h */ = {isa = PBXFileReference; lastKnownFileType = sourcecode.c.h; path = Utilities.h; sourceTree = "<group>"; };
		38363E19256E37CF00542DEF /* FindARMA.cmake */ = {isa = PBXFileReference; lastKnownFileType = text; path = FindARMA.cmake; sourceTree = "<group>"; };
		38363E1A256E386500542DEF /* Fiber.cpp */ = {isa = PBXFileReference; lastKnownFileType = sourcecode.cpp.cpp; path = Fiber.cpp; sourceTree = "<group>"; };
		38363E1B256E386500542DEF /* Fiber.hpp */ = {isa = PBXFileReference; lastKnownFileType = sourcecode.cpp.h; path = Fiber.hpp; sourceTree = "<group>"; };
		38363E1C256E38D300542DEF /* CMakeLists.txt */ = {isa = PBXFileReference; lastKnownFileType = text; path = CMakeLists.txt; sourceTree = "<group>"; };
		38363E1D256E396000542DEF /* config.h.in */ = {isa = PBXFileReference; lastKnownFileType = text; path = config.h.in; sourceTree = "<group>"; };
		38363E1E256E461A00542DEF /* CMakeLists.txt */ = {isa = PBXFileReference; lastKnownFileType = text; path = CMakeLists.txt; sourceTree = "<group>"; };
		38363E1F256E4D5100542DEF /* Flow.cpp */ = {isa = PBXFileReference; lastKnownFileType = sourcecode.cpp.cpp; path = Flow.cpp; sourceTree = "<group>"; };
		38363E20256E4D5100542DEF /* Flow.hpp */ = {isa = PBXFileReference; lastKnownFileType = sourcecode.cpp.h; path = Flow.hpp; sourceTree = "<group>"; };
		38363E21256E53E700542DEF /* test_buckling.cpp */ = {isa = PBXFileReference; lastKnownFileType = sourcecode.cpp.cpp; path = test_buckling.cpp; sourceTree = "<group>"; };
		3896A71F26AAE307002CDB86 /* QLearning.cpp */ = {isa = PBXFileReference; lastKnownFileType = sourcecode.cpp.cpp; path = QLearning.cpp; sourceTree = "<group>"; };
		3896A72026AAE307002CDB86 /* QLearning.hpp */ = {isa = PBXFileReference; lastKnownFileType = sourcecode.cpp.h; path = QLearning.hpp; sourceTree = "<group>"; };
		38AB851725F7F2E600E79D4C /* learn2D_cellflow.cpp */ = {isa = PBXFileReference; lastKnownFileType = sourcecode.cpp.cpp; path = learn2D_cellflow.cpp; sourceTree = "<group>"; };
		38F5EC3825B75878000B3BA4 /* Fiber2D.cpp */ = {isa = PBXFileReference; lastKnownFileType = sourcecode.cpp.cpp; path = Fiber2D.cpp; sourceTree = "<group>"; };
		38F5EC3925B75878000B3BA4 /* Fiber2D.hpp */ = {isa = PBXFileReference; lastKnownFileType = sourcecode.cpp.h; path = Fiber2D.hpp; sourceTree = "<group>"; };
		38F5EC3A25B75EC7000B3BA4 /* Flow2D.cpp */ = {isa = PBXFileReference; lastKnownFileType = sourcecode.cpp.cpp; path = Flow2D.cpp; sourceTree = "<group>"; };
		38F5EC3B25B75EC7000B3BA4 /* Flow2D.hpp */ = {isa = PBXFileReference; lastKnownFileType = sourcecode.cpp.h; path = Flow2D.hpp; sourceTree = "<group>"; };
		38F5EC3C25B760ED000B3BA4 /* test_buckling2D.cpp */ = {isa = PBXFileReference; lastKnownFileType = sourcecode.cpp.cpp; path = test_buckling2D.cpp; sourceTree = "<group>"; };
/* End PBXFileReference section */

/* Begin PBXGroup section */
		38363DFF256E2E0200542DEF = {
			isa = PBXGroup;
			children = (
				38363E1D256E396000542DEF /* config.h.in */,
				38363E0B256E2FDA00542DEF /* CMakeLists.txt */,
				38363E0A256E2EB900542DEF /* README.md */,
				38363E09256E2E9600542DEF /* cmake */,
				38363E08256E2E6D00542DEF /* basics */,
				38363E07256E2E2F00542DEF /* src */,
				38363E06256E2E1E00542DEF /* programs */,
			);
			sourceTree = "<group>";
		};
		38363E06256E2E1E00542DEF /* programs */ = {
			isa = PBXGroup;
			children = (
				38363E14256E34EE00542DEF /* CMakeLists.txt */,
				38363E21256E53E700542DEF /* test_buckling.cpp */,
				382196CC2572A9ED00AA1B03 /* test_swim.cpp */,
				38F5EC3C25B760ED000B3BA4 /* test_buckling2D.cpp */,
				38AB851725F7F2E600E79D4C /* learn2D_cellflow.cpp */,
			);
			path = programs;
			sourceTree = "<group>";
		};
		38363E07256E2E2F00542DEF /* src */ = {
			isa = PBXGroup;
			children = (
				38363E1A256E386500542DEF /* Fiber.cpp */,
				38363E1B256E386500542DEF /* Fiber.hpp */,
				38363E1E256E461A00542DEF /* CMakeLists.txt */,
				38363E1F256E4D5100542DEF /* Flow.cpp */,
				38363E20256E4D5100542DEF /* Flow.hpp */,
				38F5EC3825B75878000B3BA4 /* Fiber2D.cpp */,
				38F5EC3925B75878000B3BA4 /* Fiber2D.hpp */,
				3896A71F26AAE307002CDB86 /* QLearning.cpp */,
				3896A72026AAE307002CDB86 /* QLearning.hpp */,
				38F5EC3A25B75EC7000B3BA4 /* Flow2D.cpp */,
				38F5EC3B25B75EC7000B3BA4 /* Flow2D.hpp */,
			);
			path = src;
			sourceTree = "<group>";
		};
		38363E08256E2E6D00542DEF /* basics */ = {
			isa = PBXGroup;
			children = (
				38363E15256E354200542DEF /* Arglist.h */,
				38363E17256E36DE00542DEF /* RunsIO.h */,
				38363E18256E376000542DEF /* Utilities.h */,
				38363E1C256E38D300542DEF /* CMakeLists.txt */,
			);
			path = basics;
			sourceTree = "<group>";
		};
		38363E09256E2E9600542DEF /* cmake */ = {
			isa = PBXGroup;
			children = (
				38363E0E256E326600542DEF /* Modules */,
				38363E0D256E31EF00542DEF /* target_helper.cmake */,
				38363E0C256E317800542DEF /* compiler_helper.cmake */,
			);
			path = cmake;
			sourceTree = "<group>";
		};
		38363E0E256E326600542DEF /* Modules */ = {
			isa = PBXGroup;
			children = (
				38363E0F256E32C300542DEF /* FindNetCDF.cmake */,
				38363E10256E32C300542DEF /* FindPackageHandleStandardArgs.cmake */,
				38363E11256E32C300542DEF /* LibFindMacros.cmake */,
				38363E19256E37CF00542DEF /* FindARMA.cmake */,
			);
			path = Modules;
			sourceTree = "<group>";
		};
/* End PBXGroup section */

/* Begin PBXProject section */
		38363E00256E2E0200542DEF /* Project object */ = {
			isa = PBXProject;
			attributes = {
				LastUpgradeCheck = 1220;
			};
			buildConfigurationList = 38363E03256E2E0200542DEF /* Build configuration list for PBXProject "i-eel" */;
			compatibilityVersion = "Xcode 9.3";
			developmentRegion = en;
			hasScannedForEncodings = 0;
			knownRegions = (
				en,
				Base,
			);
			mainGroup = 38363DFF256E2E0200542DEF;
			projectDirPath = "";
			projectRoot = "";
			targets = (
			);
		};
/* End PBXProject section */

/* Begin XCBuildConfiguration section */
		38363E04256E2E0200542DEF /* Debug */ = {
			isa = XCBuildConfiguration;
			buildSettings = {
			};
			name = Debug;
		};
		38363E05256E2E0200542DEF /* Release */ = {
			isa = XCBuildConfiguration;
			buildSettings = {
			};
			name = Release;
		};
/* End XCBuildConfiguration section */

/* Begin XCConfigurationList section */
		38363E03256E2E0200542DEF /* Build configuration list for PBXProject "i-eel" */ = {
			isa = XCConfigurationList;
			buildConfigurations = (
				38363E04256E2E0200542DEF /* Debug */,
				38363E05256E2E0200542DEF /* Release */,
			);
			defaultConfigurationIsVisible = 0;
			defaultConfigurationName = Release;
		};
/* End XCConfigurationList section */
	};
	rootObject = 38363E00256E2E0200542DEF /* Project object */;
}
